
Microsoft Visual Studio Solution File, Format Version 12.00
# Visual Studio 2017
Project("{FAE04EC0-301F-11D3-BF4B-00C04F79EFBC}") = "TeamZombie", "TeamZombie.csproj", "{8F2BB3E3-4FBA-EFCA-68E4-99D1DFE14619}"
EndProject
Project("{FAE04EC0-301F-11D3-BF4B-00C04F79EFBC}") = "TeamZombie.Plugins", "TeamZombie.Plugins.csproj", "{C7691355-2DC4-820A-D5DD-2389073A6DB5}"
EndProject
Project("{FAE04EC0-301F-11D3-BF4B-00C04F79EFBC}") = "TeamZombie.Editor.Plugins", "TeamZombie.Editor.Plugins.csproj", "{1EB5938E-D37B-E8DF-76A0-6447EC995070}"
EndProject
Project("{FAE04EC0-301F-11D3-BF4B-00C04F79EFBC}") = "TeamZombie.Editor", "TeamZombie.Editor.csproj", "{FB2EFDDA-37C1-FD27-1C8F-4EB6DAE41E0F}"
EndProject
Global
	GlobalSection(SolutionConfigurationPlatforms) = preSolution
		Debug|Any CPU = Debug|Any CPU
		Release|Any CPU = Release|Any CPU
	EndGlobalSection
	GlobalSection(ProjectConfigurationPlatforms) = postSolution
		{8F2BB3E3-4FBA-EFCA-68E4-99D1DFE14619}.Debug|Any CPU.ActiveCfg = Debug|Any CPU
		{8F2BB3E3-4FBA-EFCA-68E4-99D1DFE14619}.Debug|Any CPU.Build.0 = Debug|Any CPU
		{8F2BB3E3-4FBA-EFCA-68E4-99D1DFE14619}.Release|Any CPU.ActiveCfg = Release|Any CPU
		{8F2BB3E3-4FBA-EFCA-68E4-99D1DFE14619}.Release|Any CPU.Build.0 = Release|Any CPU
		{C7691355-2DC4-820A-D5DD-2389073A6DB5}.Debug|Any CPU.ActiveCfg = Debug|Any CPU
		{C7691355-2DC4-820A-D5DD-2389073A6DB5}.Debug|Any CPU.Build.0 = Debug|Any CPU
		{C7691355-2DC4-820A-D5DD-2389073A6DB5}.Release|Any CPU.ActiveCfg = Release|Any CPU
		{C7691355-2DC4-820A-D5DD-2389073A6DB5}.Release|Any CPU.Build.0 = Release|Any CPU
		{1EB5938E-D37B-E8DF-76A0-6447EC995070}.Debug|Any CPU.ActiveCfg = Debug|Any CPU
		{1EB5938E-D37B-E8DF-76A0-6447EC995070}.Debug|Any CPU.Build.0 = Debug|Any CPU
		{1EB5938E-D37B-E8DF-76A0-6447EC995070}.Release|Any CPU.ActiveCfg = Release|Any CPU
		{1EB5938E-D37B-E8DF-76A0-6447EC995070}.Release|Any CPU.Build.0 = Release|Any CPU
		{FB2EFDDA-37C1-FD27-1C8F-4EB6DAE41E0F}.Debug|Any CPU.ActiveCfg = Debug|Any CPU
		{FB2EFDDA-37C1-FD27-1C8F-4EB6DAE41E0F}.Debug|Any CPU.Build.0 = Debug|Any CPU
		{FB2EFDDA-37C1-FD27-1C8F-4EB6DAE41E0F}.Release|Any CPU.ActiveCfg = Release|Any CPU
		{FB2EFDDA-37C1-FD27-1C8F-4EB6DAE41E0F}.Release|Any CPU.Build.0 = Release|Any CPU
	EndGlobalSection
	GlobalSection(SolutionProperties) = preSolution
		HideSolutionNode = FALSE
	EndGlobalSection
EndGlobal
